
Microsoft Visual Studio Solution File, Format Version 12.00
# Visual Studio Version 16
VisualStudioVersion = 16.0.29020.237
MinimumVisualStudioVersion = 10.0.40219.1
Project("{FAE04EC0-301F-11D3-BF4B-00C04F79EFBC}") = "Wize", "Wize\Wize.csproj", "{7567779E-5ADA-4383-A4E2-1777C5B3E9E6}"
EndProject
Project("{FAE04EC0-301F-11D3-BF4B-00C04F79EFBC}") = "Metier", "Metier\Metier.csproj", "{D249ED4C-804B-4D16-BBBF-4C78A9CCFFE5}"
EndProject
Global
	GlobalSection(SolutionConfigurationPlatforms) = preSolution
		Debug|Any CPU = Debug|Any CPU
		Release|Any CPU = Release|Any CPU
	EndGlobalSection
	GlobalSection(ProjectConfigurationPlatforms) = postSolution
		{7567779E-5ADA-4383-A4E2-1777C5B3E9E6}.Debug|Any CPU.ActiveCfg = Debug|Any CPU
		{7567779E-5ADA-4383-A4E2-1777C5B3E9E6}.Debug|Any CPU.Build.0 = Debug|Any CPU
		{7567779E-5ADA-4383-A4E2-1777C5B3E9E6}.Release|Any CPU.ActiveCfg = Release|Any CPU
		{7567779E-5ADA-4383-A4E2-1777C5B3E9E6}.Release|Any CPU.Build.0 = Release|Any CPU
		{D249ED4C-804B-4D16-BBBF-4C78A9CCFFE5}.Debug|Any CPU.ActiveCfg = Debug|Any CPU
		{D249ED4C-804B-4D16-BBBF-4C78A9CCFFE5}.Debug|Any CPU.Build.0 = Debug|Any CPU
		{D249ED4C-804B-4D16-BBBF-4C78A9CCFFE5}.Release|Any CPU.ActiveCfg = Release|Any CPU
		{D249ED4C-804B-4D16-BBBF-4C78A9CCFFE5}.Release|Any CPU.Build.0 = Release|Any CPU
	EndGlobalSection
	GlobalSection(SolutionProperties) = preSolution
		HideSolutionNode = FALSE
	EndGlobalSection
	GlobalSection(ExtensibilityGlobals) = postSolution
		SolutionGuid = {12145E3B-A33B-4864-AFB3-D255EDE19C5B}
	EndGlobalSection
EndGlobal
